{
    "name": "space_ship",
    "version": "2.0.0",
    "lockfileVersion": 1,
    "requires": true,
    "dependencies": {
        "@types/box2d": {
            "version": "0.0.33",
            "resolved": "https://registry.npmjs.org/@types/box2d/-/box2d-0.0.33.tgz",
            "integrity": "sha512-J3uvEoNcqBWKbAAo1+jYyt+sUP/NArRjnDY3N7d+38N1hGaKi5W6ViYT4JtR1fl8LlDsFW1LuwdPl7xCBCc+qw==",
            "dev": true
        },
        "@types/createjs": {
            "version": "0.0.29",
            "resolved": "https://registry.npmjs.org/@types/createjs/-/createjs-0.0.29.tgz",
            "integrity": "sha1-TRmw/qo4JS3NedeKOKTMbfPxgfw=",
            "dev": true,
            "requires": {
                "@types/createjs-lib": "*",
                "@types/easeljs": "*",
                "@types/preloadjs": "*",
                "@types/soundjs": "*",
                "@types/tweenjs": "*"
            }
        },
        "@types/createjs-lib": {
            "version": "0.0.29",
            "resolved": "https://registry.npmjs.org/@types/createjs-lib/-/createjs-lib-0.0.29.tgz",
            "integrity": "sha1-+uguO6hgZmOxkOeJzsfZxyj8Qdc=",
            "dev": true
        },
        "@types/easeljs": {
            "version": "1.0.0",
            "resolved": "https://registry.npmjs.org/@types/easeljs/-/easeljs-1.0.0.tgz",
            "integrity": "sha512-DkhxqkgylaZGeuod35MCiv1Rix8GnBGv+URRBZt4rsMvhyi7Iap6SZbeEN5bD3b8BXHozHEKB/to9ohUDr3GIA==",
            "dev": true,
            "requires": {
                "@types/createjs-lib": "*",
                "@types/tweenjs": "*"
            }
        },
        "@types/jquery": {
            "version": "3.3.34",
            "resolved": "https://registry.npmjs.org/@types/jquery/-/jquery-3.3.34.tgz",
            "integrity": "sha512-lW9vsVL53Xu/Nj4gi2hNmHGc4u3KKghjqTkAlO0kF5GIOPxbqqnQpgqJBzmn3yXLrPqHb6cmNJ6URnS23Vtvbg==",
            "dev": true,
            "requires": {
                "@types/sizzle": "*"
            }
        },
        "@types/jqueryui": {
            "version": "1.12.10",
            "resolved": "https://registry.npmjs.org/@types/jqueryui/-/jqueryui-1.12.10.tgz",
            "integrity": "sha512-T8sctslWIiLl/2EHEQQfKCB92S9bMKBaeE3+iBRbSERMK/1gzyfqjaIEksduB4eUEsKq+Ji0Y+qVbiXQwI2Mwg==",
            "dev": true,
            "requires": {
                "@types/jquery": "*"
            }
        },
        "@types/preloadjs": {
            "version": "0.6.32",
            "resolved": "https://registry.npmjs.org/@types/preloadjs/-/preloadjs-0.6.32.tgz",
            "integrity": "sha1-Es/3x/kuODingNQ4zknIzsmBgw0=",
            "dev": true,
            "requires": {
                "@types/createjs-lib": "*"
            }
        },
        "@types/sizzle": {
            "version": "2.3.2",
            "resolved": "https://registry.npmjs.org/@types/sizzle/-/sizzle-2.3.2.tgz",
            "integrity": "sha512-7EJYyKTL7tFR8+gDbB6Wwz/arpGa0Mywk1TJbNzKzHtzbwVmY4HR9WqS5VV7dsBUKQmPNr192jHr/VpBluj/hg==",
            "dev": true
        },
        "@types/soundjs": {
            "version": "0.6.27",
            "resolved": "https://registry.npmjs.org/@types/soundjs/-/soundjs-0.6.27.tgz",
            "integrity": "sha1-3SNwNQ6vcnfeXtVZQOPn0qAWsSQ=",
            "dev": true,
            "requires": {
                "@types/createjs-lib": "*",
                "@types/preloadjs": "*"
            }
        },
        "@types/tweenjs": {
            "version": "1.0.0",
            "resolved": "https://registry.npmjs.org/@types/tweenjs/-/tweenjs-1.0.0.tgz",
            "integrity": "sha512-qn0yChkBM0uCDdovXCyZT+HREWP5PaPWrGBuQZ0GIANHZ4E4PZ35vrczagmTyewRwTFJ82/TcYQAvozjNmfcTw==",
            "dev": true,
            "requires": {
                "@types/createjs-lib": "*"
            }
        },
        "ansi-styles": {
            "version": "3.2.1",
            "resolved": "https://registry.npmjs.org/ansi-styles/-/ansi-styles-3.2.1.tgz",
            "integrity": "sha512-VT0ZI6kZRdTh8YyJw3SMbYm/u+NqfsAxEpWO0Pf9sq8/e94WxxOpPKx9FR1FlyCtOVDNOQ+8ntlqFxiRc+r5qA==",
            "dev": true,
            "requires": {
                "color-convert": "^1.9.0"
            }
        },
        "basic-auth": {
            "version": "1.1.0",
            "resolved": "https://registry.npmjs.org/basic-auth/-/basic-auth-1.1.0.tgz",
            "integrity": "sha1-RSIe5Cn37h5QNb4/UVM/HN/SmIQ=",
            "dev": true
        },
        "big.js": {
            "version": "5.2.2",
            "resolved": "https://registry.npmjs.org/big.js/-/big.js-5.2.2.tgz",
            "integrity": "sha512-vyL2OymJxmarO8gxMr0mhChsO9QGwhynfuu4+MHTAW6czfq9humCB7rKpUjDd9YUiDPU4mzpyupFSvOClAwbmQ==",
            "dev": true
        },
        "braces": {
            "version": "3.0.2",
            "resolved": "https://registry.npmjs.org/braces/-/braces-3.0.2.tgz",
            "integrity": "sha512-b8um+L1RzM3WDSzvhm6gIz1yfTbBt6YTlcEKAvsmqCZZFw46z626lVj9j1yEPW33H5H+lBQpZMP1k8l+78Ha0A==",
            "dev": true,
            "requires": {
                "fill-range": "^7.0.1"
            }
        },
        "chalk": {
            "version": "2.4.2",
            "resolved": "https://registry.npmjs.org/chalk/-/chalk-2.4.2.tgz",
            "integrity": "sha512-Mti+f9lpJNcwF4tWV8/OrTTtF1gZi+f8FqlyAdouralcFWFQWF2+NgCHShjkCb+IFBLq9buZwE1xckQU4peSuQ==",
            "dev": true,
            "requires": {
                "ansi-styles": "^3.2.1",
                "escape-string-regexp": "^1.0.5",
                "supports-color": "^5.3.0"
            }
        },
        "color-convert": {
            "version": "1.9.3",
            "resolved": "https://registry.npmjs.org/color-convert/-/color-convert-1.9.3.tgz",
            "integrity": "sha512-QfAUtd+vFdAtFQcC8CCyYt1fYWxSqAiK2cSD6zDB8N3cpsEBAvRxp9zOGg6G/SHHJYAT88/az/IuDGALsNVbGg==",
            "dev": true,
            "requires": {
                "color-name": "1.1.3"
            }
        },
        "color-name": {
            "version": "1.1.3",
            "resolved": "https://registry.npmjs.org/color-name/-/color-name-1.1.3.tgz",
            "integrity": "sha1-p9BVi9icQveV3UIyj3QIMcpTvCU=",
            "dev": true
        },
        "core-util-is": {
            "version": "1.0.2",
            "resolved": "https://registry.npmjs.org/core-util-is/-/core-util-is-1.0.2.tgz",
            "integrity": "sha1-tf1UIgqivFq1eqtxQMlAdUUDwac=",
            "dev": true
        },
        "corser": {
            "version": "2.0.1",
            "resolved": "https://registry.npmjs.org/corser/-/corser-2.0.1.tgz",
            "integrity": "sha1-jtolLsqrWEDc2XXOuQ2TcMgZ/4c=",
            "dev": true
        },
        "ecstatic": {
            "version": "3.3.2",
            "resolved": "https://registry.npmjs.org/ecstatic/-/ecstatic-3.3.2.tgz",
            "integrity": "sha512-fLf9l1hnwrHI2xn9mEDT7KIi22UDqA2jaCwyCbSUJh9a1V+LEUSL/JO/6TIz/QyuBURWUHrFL5Kg2TtO1bkkog==",
            "dev": true,
            "requires": {
                "he": "^1.1.1",
                "mime": "^1.6.0",
                "minimist": "^1.1.0",
                "url-join": "^2.0.5"
            }
        },
        "emojis-list": {
            "version": "3.0.0",
            "resolved": "https://registry.npmjs.org/emojis-list/-/emojis-list-3.0.0.tgz",
            "integrity": "sha512-/kyM18EfinwXZbno9FyUGeFh87KC8HRQBQGildHZbEuRyWFOmv1U10o9BBp8XVZDVNNuQKyIGIu5ZYAAXJ0V2Q==",
            "dev": true
        },
        "enhanced-resolve": {
            "version": "4.1.1",
            "resolved": "https://registry.npmjs.org/enhanced-resolve/-/enhanced-resolve-4.1.1.tgz",
            "integrity": "sha512-98p2zE+rL7/g/DzMHMTF4zZlCgeVdJ7yr6xzEpJRYwFYrGi9ANdn5DnJURg6RpBkyk60XYDnWIv51VfIhfNGuA==",
            "dev": true,
            "requires": {
                "graceful-fs": "^4.1.2",
                "memory-fs": "^0.5.0",
                "tapable": "^1.0.0"
            }
        },
        "errno": {
            "version": "0.1.7",
            "resolved": "https://registry.npmjs.org/errno/-/errno-0.1.7.tgz",
            "integrity": "sha512-MfrRBDWzIWifgq6tJj60gkAwtLNb6sQPlcFrSOflcP1aFmmruKQ2wRnze/8V6kgyz7H3FF8Npzv78mZ7XLLflg==",
            "dev": true,
            "requires": {
                "prr": "~1.0.1"
            }
        },
        "escape-string-regexp": {
            "version": "1.0.5",
            "resolved": "https://registry.npmjs.org/escape-string-regexp/-/escape-string-regexp-1.0.5.tgz",
            "integrity": "sha1-G2HAViGQqN/2rjuyzwIAyhMLhtQ=",
            "dev": true
        },
        "eventemitter3": {
            "version": "4.0.0",
            "resolved": "https://registry.npmjs.org/eventemitter3/-/eventemitter3-4.0.0.tgz",
            "integrity": "sha512-qerSRB0p+UDEssxTtm6EDKcE7W4OaoisfIMl4CngyEhjpYglocpNg6UEqCvemdGhosAsg4sO2dXJOdyBifPGCg==",
            "dev": true
        },
        "fill-range": {
            "version": "7.0.1",
            "resolved": "https://registry.npmjs.org/fill-range/-/fill-range-7.0.1.tgz",
            "integrity": "sha512-qOo9F+dMUmC2Lcb4BbVvnKJxTPjCm+RRpe4gDuGrzkL7mEVl/djYSu2OdQ2Pa302N4oqkSg9ir6jaLWJ2USVpQ==",
            "dev": true,
            "requires": {
                "to-regex-range": "^5.0.1"
            }
        },
        "follow-redirects": {
            "version": "1.11.0",
            "resolved": "https://registry.npmjs.org/follow-redirects/-/follow-redirects-1.11.0.tgz",
            "integrity": "sha512-KZm0V+ll8PfBrKwMzdo5D13b1bur9Iq9Zd/RMmAoQQcl2PxxFml8cxXPaaPYVbV0RjNjq1CU7zIzAOqtUPudmA==",
            "dev": true,
            "requires": {
                "debug": "^3.0.0"
            },
            "dependencies": {
                "debug": {
                    "version": "3.2.6",
                    "resolved": "https://registry.npmjs.org/debug/-/debug-3.2.6.tgz",
                    "integrity": "sha512-mel+jf7nrtEl5Pn1Qx46zARXKDpBbvzezse7p7LqINmdoIk8PYP5SySaxEmYv6TZ0JyEKA1hsCId6DIhgITtWQ==",
                    "dev": true,
                    "requires": {
                        "ms": "^2.1.1"
                    }
                },
                "ms": {
                    "version": "2.1.2",
                    "resolved": "https://registry.npmjs.org/ms/-/ms-2.1.2.tgz",
                    "integrity": "sha512-sGkPx+VjMtmA6MX27oA4FBFELFCZZ4S4XqeGOXCv68tT+jb3vk/RyaKWP0PTKyWtmLSM0b+adUTEvbs1PEaH2w==",
                    "dev": true
                }
            }
        },
        "graceful-fs": {
            "version": "4.2.3",
            "resolved": "https://registry.npmjs.org/graceful-fs/-/graceful-fs-4.2.3.tgz",
            "integrity": "sha512-a30VEBm4PEdx1dRB7MFK7BejejvCvBronbLjht+sHuGYj8PHs7M/5Z+rt5lw551vZ7yfTCj4Vuyy3mSJytDWRQ==",
            "dev": true
        },
        "has-flag": {
            "version": "3.0.0",
            "resolved": "https://registry.npmjs.org/has-flag/-/has-flag-3.0.0.tgz",
            "integrity": "sha1-tdRU3CGZriJWmfNGfloH87lVuv0=",
            "dev": true
        },
        "he": {
            "version": "1.2.0",
            "resolved": "https://registry.npmjs.org/he/-/he-1.2.0.tgz",
            "integrity": "sha512-F/1DnUGPopORZi0ni+CvrCgHQ5FyEAHRLSApuYWMmrbSwoN2Mn/7k+Gl38gJnR7yyDZk6WLXwiGod1JOWNDKGw==",
            "dev": true
        },
        "http-proxy": {
            "version": "1.18.0",
            "resolved": "https://registry.npmjs.org/http-proxy/-/http-proxy-1.18.0.tgz",
            "integrity": "sha512-84I2iJM/n1d4Hdgc6y2+qY5mDaz2PUVjlg9znE9byl+q0uC3DeByqBGReQu5tpLK0TAqTIXScRUV+dg7+bUPpQ==",
            "dev": true,
            "requires": {
                "eventemitter3": "^4.0.0",
                "follow-redirects": "^1.0.0",
                "requires-port": "^1.0.0"
            }
        },
        "http-server": {
            "version": "0.12.1",
            "resolved": "https://registry.npmjs.org/http-server/-/http-server-0.12.1.tgz",
            "integrity": "sha512-T0jB+7J7GJ2Vo+a4/T7P7SbQ3x2GPDnqRqQXdfEuPuUOmES/9NBxPnDm7dh1HGEeUWqUmLUNtGV63ZC5Uy3tGA==",
            "dev": true,
            "requires": {
                "basic-auth": "^1.0.3",
                "colors": "^1.3.3",
                "corser": "^2.0.1",
                "ecstatic": "^3.3.2",
                "http-proxy": "^1.17.0",
                "opener": "^1.5.1",
                "optimist": "~0.6.1",
                "portfinder": "^1.0.20",
                "secure-compare": "3.0.1",
                "union": "~0.5.0"
            },
            "dependencies": {
                "colors": {
                    "version": "1.4.0",
                    "resolved": "https://registry.npmjs.org/colors/-/colors-1.4.0.tgz",
                    "integrity": "sha512-a+UqTh4kgZg/SlGvfbzDHpgRu7AAQOmmqRHJnxhRZICKFUT91brVhNNt58CMWU9PsBbv3PDCZUHbVxuDiH2mtA==",
                    "dev": true
                }
            }
        },
        "inherits": {
            "version": "2.0.4",
            "resolved": "https://registry.npmjs.org/inherits/-/inherits-2.0.4.tgz",
            "integrity": "sha512-k/vGaX4/Yla3WzyMCvTQOXYeIHvqOKtnqBduzTHpzpQZzAskKMhZ2K+EnBiSM9zGSoIFeMpXKxa4dYeZIQqewQ==",
            "dev": true
        },
        "is-number": {
            "version": "7.0.0",
            "resolved": "https://registry.npmjs.org/is-number/-/is-number-7.0.0.tgz",
            "integrity": "sha512-41Cifkg6e8TylSpdtTpeLVMqvSBEVzTttHvERD741+pnZ8ANv0004MRL43QKPDlK9cGvNp6NZWZUBlbGXYxxng==",
            "dev": true
        },
        "isarray": {
            "version": "1.0.0",
            "resolved": "https://registry.npmjs.org/isarray/-/isarray-1.0.0.tgz",
            "integrity": "sha1-u5NdSFgsuhaMBoNJV6VKPgcSTxE=",
            "dev": true
        },
        "json5": {
            "version": "1.0.1",
            "resolved": "https://registry.npmjs.org/json5/-/json5-1.0.1.tgz",
            "integrity": "sha512-aKS4WQjPenRxiQsC93MNfjx+nbF4PAdYzmd/1JIj8HYzqfbu86beTuNgXDzPknWk0n0uARlyewZo4s++ES36Ow==",
            "dev": true,
            "requires": {
                "minimist": "^1.2.0"
            }
        },
        "loader-utils": {
            "version": "1.4.0",
            "resolved": "https://registry.npmjs.org/loader-utils/-/loader-utils-1.4.0.tgz",
            "integrity": "sha512-qH0WSMBtn/oHuwjy/NucEgbx5dbxxnxup9s4PVXJUDHZBQY+s0NWA9rJf53RBnQZxfch7euUui7hpoAPvALZdA==",
            "dev": true,
            "requires": {
                "big.js": "^5.2.2",
                "emojis-list": "^3.0.0",
                "json5": "^1.0.1"
            }
        },
        "lodash": {
            "version": "4.17.15",
            "resolved": "https://registry.npmjs.org/lodash/-/lodash-4.17.15.tgz",
            "integrity": "sha512-8xOcRHvCjnocdS5cpwXQXVzmmh5e5+saE2QGoeQmbKmRS6J3VQppPOIt0MnmE+4xlZoumy0GPG0D0MVIQbNA1A==",
            "dev": true
        },
        "memory-fs": {
            "version": "0.5.0",
            "resolved": "https://registry.npmjs.org/memory-fs/-/memory-fs-0.5.0.tgz",
            "integrity": "sha512-jA0rdU5KoQMC0e6ppoNRtpp6vjFq6+NY7r8hywnC7V+1Xj/MtHwGIbB1QaK/dunyjWteJzmkpd7ooeWg10T7GA==",
            "dev": true,
            "requires": {
                "errno": "^0.1.3",
                "readable-stream": "^2.0.1"
            }
        },
        "micromatch": {
            "version": "4.0.2",
            "resolved": "https://registry.npmjs.org/micromatch/-/micromatch-4.0.2.tgz",
            "integrity": "sha512-y7FpHSbMUMoyPbYUSzO6PaZ6FyRnQOpHuKwbo1G+Knck95XVU4QAiKdGEnj5wwoS7PlOgthX/09u5iFJ+aYf5Q==",
            "dev": true,
            "requires": {
                "braces": "^3.0.1",
                "picomatch": "^2.0.5"
            }
        },
        "mime": {
            "version": "1.6.0",
            "resolved": "https://registry.npmjs.org/mime/-/mime-1.6.0.tgz",
            "integrity": "sha512-x0Vn8spI+wuJ1O6S7gnbaQg8Pxh4NNHb7KSINmEWKiPE4RKOplvijn+NkmYmmRgP68mc70j2EbeTFRsrswaQeg==",
            "dev": true
        },
        "minimist": {
            "version": "1.2.5",
            "resolved": "https://registry.npmjs.org/minimist/-/minimist-1.2.5.tgz",
            "integrity": "sha512-FM9nNUYrRBAELZQT3xeZQ7fmMOBg6nWNmJKTcgsJeaLstP/UODVpGsr5OhXhhXg6f+qtJ8uiZ+PUxkDWcgIXLw==",
            "dev": true
        },
        "mkdirp": {
            "version": "0.5.4",
            "resolved": "https://registry.npmjs.org/mkdirp/-/mkdirp-0.5.4.tgz",
            "integrity": "sha512-iG9AK/dJLtJ0XNgTuDbSyNS3zECqDlAhnQW4CsNxBG3LQJBbHmRX1egw39DmtOdCAqY+dKXV+sgPgilNWUKMVw==",
            "dev": true,
            "requires": {
                "minimist": "^1.2.5"
            }
        },
        "opener": {
            "version": "1.5.1",
            "resolved": "https://registry.npmjs.org/opener/-/opener-1.5.1.tgz",
            "integrity": "sha512-goYSy5c2UXE4Ra1xixabeVh1guIX/ZV/YokJksb6q2lubWu6UbvPQ20p542/sFIll1nl8JnCyK9oBaOcCWXwvA==",
            "dev": true
        },
        "optimist": {
            "version": "0.6.1",
            "resolved": "https://registry.npmjs.org/optimist/-/optimist-0.6.1.tgz",
            "integrity": "sha1-2j6nRob6IaGaERwybpDrFaAZZoY=",
            "dev": true,
            "requires": {
                "minimist": "~0.0.1",
                "wordwrap": "~0.0.2"
            },
            "dependencies": {
                "minimist": {
                    "version": "0.0.10",
                    "resolved": "https://registry.npmjs.org/minimist/-/minimist-0.0.10.tgz",
                    "integrity": "sha1-3j+YVD2/lggr5IrRoMfNqDYwHc8=",
                    "dev": true
                }
            }
        },
        "picomatch": {
            "version": "2.2.2",
            "resolved": "https://registry.npmjs.org/picomatch/-/picomatch-2.2.2.tgz",
            "integrity": "sha512-q0M/9eZHzmr0AulXyPwNfZjtwZ/RBZlbN3K3CErVrk50T2ASYI7Bye0EvekFY3IP1Nt2DHu0re+V2ZHIpMkuWg==",
            "dev": true
        },
        "portfinder": {
            "version": "1.0.25",
            "resolved": "https://registry.npmjs.org/portfinder/-/portfinder-1.0.25.tgz",
            "integrity": "sha512-6ElJnHBbxVA1XSLgBp7G1FiCkQdlqGzuF7DswL5tcea+E8UpuvPU7beVAjjRwCioTS9ZluNbu+ZyRvgTsmqEBg==",
            "dev": true,
            "requires": {
                "async": "^2.6.2",
                "debug": "^3.1.1",
                "mkdirp": "^0.5.1"
            },
            "dependencies": {
                "async": {
                    "version": "2.6.3",
                    "resolved": "https://registry.npmjs.org/async/-/async-2.6.3.tgz",
                    "integrity": "sha512-zflvls11DCy+dQWzTW2dzuilv8Z5X/pjfmZOWba6TNIVDm+2UDaJmXSOXlasHKfNBs8oo3M0aT50fDEWfKZjXg==",
                    "dev": true,
                    "requires": {
                        "lodash": "^4.17.14"
                    }
                },
                "debug": {
                    "version": "3.2.6",
                    "resolved": "https://registry.npmjs.org/debug/-/debug-3.2.6.tgz",
                    "integrity": "sha512-mel+jf7nrtEl5Pn1Qx46zARXKDpBbvzezse7p7LqINmdoIk8PYP5SySaxEmYv6TZ0JyEKA1hsCId6DIhgITtWQ==",
                    "dev": true,
                    "requires": {
                        "ms": "^2.1.1"
                    }
                },
                "ms": {
                    "version": "2.1.2",
                    "resolved": "https://registry.npmjs.org/ms/-/ms-2.1.2.tgz",
                    "integrity": "sha512-sGkPx+VjMtmA6MX27oA4FBFELFCZZ4S4XqeGOXCv68tT+jb3vk/RyaKWP0PTKyWtmLSM0b+adUTEvbs1PEaH2w==",
                    "dev": true
                }
            }
        },
        "prettier": {
            "version": "2.0.2",
            "resolved": "https://registry.npmjs.org/prettier/-/prettier-2.0.2.tgz",
            "integrity": "sha512-5xJQIPT8BraI7ZnaDwSbu5zLrB6vvi8hVV58yHQ+QK64qrY40dULy0HSRlQ2/2IdzeBpjhDkqdcFBnFeDEMVdg==",
            "dev": true
        },
        "process-nextick-args": {
            "version": "2.0.1",
            "resolved": "https://registry.npmjs.org/process-nextick-args/-/process-nextick-args-2.0.1.tgz",
            "integrity": "sha512-3ouUOpQhtgrbOa17J7+uxOTpITYWaGP7/AhoR3+A+/1e9skrzelGi/dXzEYyvbxubEF6Wn2ypscTKiKJFFn1ag==",
            "dev": true
        },
        "prr": {
            "version": "1.0.1",
            "resolved": "https://registry.npmjs.org/prr/-/prr-1.0.1.tgz",
            "integrity": "sha1-0/wRS6BplaRexok/SEzrHXj19HY=",
            "dev": true
        },
        "qs": {
            "version": "6.7.0",
            "resolved": "https://registry.npmjs.org/qs/-/qs-6.7.0.tgz",
            "integrity": "sha512-VCdBRNFTX1fyE7Nb6FYoURo/SPe62QCaAyzJvUjwRaIsc+NePBEniHlvxFmmX56+HZphIGtV0XeCirBtpDrTyQ==",
            "dev": true
        },
        "readable-stream": {
            "version": "2.3.7",
            "resolved": "https://registry.npmjs.org/readable-stream/-/readable-stream-2.3.7.tgz",
            "integrity": "sha512-Ebho8K4jIbHAxnuxi7o42OrZgF/ZTNcsZj6nRKyUmkhLFq8CHItp/fy6hQZuZmP/n3yZ9VBUbp4zz/mX8hmYPw==",
            "dev": true,
            "requires": {
                "core-util-is": "~1.0.0",
                "inherits": "~2.0.3",
                "isarray": "~1.0.0",
                "process-nextick-args": "~2.0.0",
                "safe-buffer": "~5.1.1",
                "string_decoder": "~1.1.1",
                "util-deprecate": "~1.0.1"
            }
        },
        "requires-port": {
            "version": "1.0.0",
            "resolved": "https://registry.npmjs.org/requires-port/-/requires-port-1.0.0.tgz",
            "integrity": "sha1-kl0mAdOaxIXgkc8NpcbmlNw9yv8=",
            "dev": true
        },
        "safe-buffer": {
            "version": "5.1.2",
            "resolved": "https://registry.npmjs.org/safe-buffer/-/safe-buffer-5.1.2.tgz",
            "integrity": "sha512-Gd2UZBJDkXlY7GbJxfsE8/nvKkUEU1G38c1siN6QP6a9PT9MmHB8GnpscSmMJSoF8LOIrt8ud/wPtojys4G6+g==",
            "dev": true
        },
        "secure-compare": {
            "version": "3.0.1",
            "resolved": "https://registry.npmjs.org/secure-compare/-/secure-compare-3.0.1.tgz",
            "integrity": "sha1-8aAymzCLIh+uN7mXTz1XjQypmeM=",
            "dev": true
        },
        "semver": {
            "version": "6.3.0",
            "resolved": "https://registry.npmjs.org/semver/-/semver-6.3.0.tgz",
            "integrity": "sha512-b39TBaTSfV6yBrapU89p5fKekE2m/NwnDocOVruQFS1/veMgdzuPcnOM34M6CwxW8jH/lxEa5rBoDeUwu5HHTw==",
            "dev": true
        },
        "string_decoder": {
            "version": "1.1.1",
            "resolved": "https://registry.npmjs.org/string_decoder/-/string_decoder-1.1.1.tgz",
            "integrity": "sha512-n/ShnvDi6FHbbVfviro+WojiFzv+s8MPMHBczVePfUpDJLwoLT0ht1l4YwBCbi8pJAveEEdnkHyPyTP/mzRfwg==",
            "dev": true,
            "requires": {
                "safe-buffer": "~5.1.0"
            }
        },
        "supports-color": {
            "version": "5.5.0",
            "resolved": "https://registry.npmjs.org/supports-color/-/supports-color-5.5.0.tgz",
            "integrity": "sha512-QjVjwdXIt408MIiAqCX4oUKsgU2EqAGzs2Ppkm4aQYbjm+ZEWEcW4SfFNTr4uMNZma0ey4f5lgLrkB0aX0QMow==",
            "dev": true,
            "requires": {
                "has-flag": "^3.0.0"
            }
        },
        "tapable": {
            "version": "1.1.3",
            "resolved": "https://registry.npmjs.org/tapable/-/tapable-1.1.3.tgz",
            "integrity": "sha512-4WK/bYZmj8xLr+HUCODHGF1ZFzsYffasLUgEiMBY4fgtltdO6B4WJtlSbPaDTLpYTcGVwM2qLnFTICEcNxs3kA==",
            "dev": true
        },
        "to-regex-range": {
            "version": "5.0.1",
            "resolved": "https://registry.npmjs.org/to-regex-range/-/to-regex-range-5.0.1.tgz",
            "integrity": "sha512-65P7iz6X5yEr1cwcgvQxbbIw7Uk3gOy5dIdtZ4rDveLqhrdJP+Li/Hx6tyK0NEb+2GCyneCMJiGqrADCSNk8sQ==",
            "dev": true,
            "requires": {
                "is-number": "^7.0.0"
            }
        },
        "ts-loader": {
            "version": "6.2.2",
            "resolved": "https://registry.npmjs.org/ts-loader/-/ts-loader-6.2.2.tgz",
            "integrity": "sha512-HDo5kXZCBml3EUPcc7RlZOV/JGlLHwppTLEHb3SHnr5V7NXD4klMEkrhJe5wgRbaWsSXi+Y1SIBN/K9B6zWGWQ==",
            "dev": true,
            "requires": {
                "chalk": "^2.3.0",
                "enhanced-resolve": "^4.0.0",
                "loader-utils": "^1.0.2",
                "micromatch": "^4.0.0",
                "semver": "^6.0.0"
            }
        },
        "typescript": {
            "version": "3.8.3",
            "resolved": "https://registry.npmjs.org/typescript/-/typescript-3.8.3.tgz",
            "integrity": "sha512-MYlEfn5VrLNsgudQTVJeNaQFUAI7DkhnOjdpAp4T+ku1TfQClewlbSuTVHiA+8skNBgaf02TL/kLOvig4y3G8w==",
            "dev": true
        },
        "union": {
            "version": "0.5.0",
            "resolved": "https://registry.npmjs.org/union/-/union-0.5.0.tgz",
            "integrity": "sha512-N6uOhuW6zO95P3Mel2I2zMsbsanvvtgn6jVqJv4vbVcz/JN0OkL9suomjQGmWtxJQXOCqUJvquc1sMeNz/IwlA==",
            "dev": true,
            "requires": {
                "qs": "^6.4.0"
            }
        },
        "url-join": {
            "version": "2.0.5",
            "resolved": "https://registry.npmjs.org/url-join/-/url-join-2.0.5.tgz",
            "integrity": "sha1-WvIvGMBSoACkjXuCxenC4v7tpyg=",
            "dev": true
        },
        "util-deprecate": {
            "version": "1.0.2",
            "resolved": "https://registry.npmjs.org/util-deprecate/-/util-deprecate-1.0.2.tgz",
            "integrity": "sha1-RQ1Nyfpw3nMnYvvS1KKJgUGaDM8=",
            "dev": true
        },
        "wordwrap": {
            "version": "0.0.2",
            "resolved": "https://registry.npmjs.org/wordwrap/-/wordwrap-0.0.2.tgz",
            "integrity": "sha1-t5Zpu0LstAn4PVg8rVLKF+qhZD8=",
            "dev": true
        }
    }
}
